Microsoft Visual Studio Solution File, Format Version 12.00
# Visual Studio Version 17
VisualStudioVersion = 17.5.2.0
MinimumVisualStudioVersion = 10.0.40219.1
Project("{FAE04EC0-301F-11D3-BF4B-00C04F79EFBC}") = "Pharmacy.API", "Pharmacy.API.csproj", "{A5563F13-3234-34AF-9FD5-BF9781C404E5}"
EndProject
Global
	GlobalSection(SolutionConfigurationPlatforms) = preSolution
		Debug|Any CPU = Debug|Any CPU
		Release|Any CPU = Release|Any CPU
	EndGlobalSection
	GlobalSection(ProjectConfigurationPlatforms) = postSolution
		{A5563F13-3234-34AF-9FD5-BF9781C404E5}.Debug|Any CPU.ActiveCfg = Debug|Any CPU
		{A5563F13-3234-34AF-9FD5-BF9781C404E5}.Debug|Any CPU.Build.0 = Debug|Any CPU
		{A5563F13-3234-34AF-9FD5-BF9781C404E5}.Release|Any CPU.ActiveCfg = Release|Any CPU
		{A5563F13-3234-34AF-9FD5-BF9781C404E5}.Release|Any CPU.Build.0 = Release|Any CPU
	EndGlobalSection
	GlobalSection(SolutionProperties) = preSolution
		HideSolutionNode = FALSE
	EndGlobalSection
	GlobalSection(ExtensibilityGlobals) = postSolution
		SolutionGuid = {42E8025B-0C48-4E4D-8E00-79F08587C854}
	EndGlobalSection
EndGlobal
